<?xml version="1.0" encoding="UTF-8" standalone="yes" ?>
<CodeBlocks_project_file>
	<FileVersion major="1" minor="6" />
	<Project>
		<Option title="AC52N_CAR_CAMERA" />
		<Option compiler="pi32v2_lto_compiler" />
		<Build>
			<Target title="Release">
				<Option output="cpu/AC521x/tools/main.or32" prefix_auto="0" extension_auto="0" />
				<Option object_output="obj/Release/" />
				<Option type="1" />
				<Option compiler="pi32v2_lto_compiler" />
				<Compiler>
					<Add option="-flto" />
					<Add option="-w" />
					<Add option="-Oz" />
					<Add option="-mllvm -pi32v2-large-program" />
					<Add option="-Wuninitialized" />
					<Add option="-Wno-invalid-noreturn" />
					<Add option="-g2" />
					<Add option="-DUSE_RTOS" />
					<Add option="-D_POSIX_SOURCE" />
					<Add option="-D_SYS_SELECT_H" />
					<Add option="-DCONFIG_USE_RTOS" />
					<Add option="-DCONFIG_CHRDEV" />
					<Add option="-DCONFIG_VFS" />
					<Add option="-DIOTC_UCOSII" />
					<Add option="-DCONFIG_FREE_RTOS_ENABLE" />
					<Add option="-DFS_VERSION=0x020001" />
					<Add option="-DFLASHFS_VERSION=0x020104" />
					<Add option="-DFATFS_VERSION=0x020101" />
					<Add option="-DSDFILE_VERSION=0x020000" />
					<Add option="-DDEVFS_VERSION=0x020000" />
					<Add option="-DRAMFS_VERSION=0x010000" />
					<Add option="-DAUDIO_SERVER_VERSION=0x020000" />
					<Add option="-DSERVER_CORE_VERSION=0x020000" />
					<Add option="-DLED_UI_SERVER_VERSION=0x010000" />
					<Add option="-DUI_SERVER_VERSION=0x020002" />
					<Add option="-DUSB_SERVER_VERSION=0x030200" />
					<Add option="-DVIDEO_DEC_SERVER_VERSION=0x020001" />
					<Add option="-DVIDEO_REC_SERVER_VERSION=0x020102" />
					<Add option="-DVIDEO_UNPKG_SERVER_VERSION=0x020000" />
					<Add option="-DVIDEO_ENGINE_SERVER_VERSION=0x020001" />
					<Add option="-DVIDEO_PKG_SERVER_VERSION=0x020000" />
					<Add option="-DCPU_VERSION=0x030200" />
					<Add option="-DDEV_ISP_VERSION=0x030000" />
					<Add option="-DDEV_AUDIO_VERSION=0x020000" />
					<Add option="-DDEV_VIDEO_ENGINE_VERSION=0x020000" />
					<Add option="-DDEV_SD0_VERSION=0x020000" />
					<Add option="-DDEV_SD1_VERSION=0x020000" />
					<Add option="-DDEV_SD2_VERSION=0x020000" />
					<Add option="-DDEV_USB_VERSION=0x040000" />
					<Add option="-DDEV_VIDEO_VERSION=0x020100" />
					<Add option="-DMALLOC_VERSION=0x020000" />
					<Add option="-DRTOS_VERSION=0x020000" />
					<Add option="-DSYS_VERSION=0x020001" />
					<Add option="-DUPGRADE_VERSION=0x030100" />
					<Add option="-DMP3_DEC_VERSION=0x010000" />
					<Add option="-DMP3_ENC_VERSION=0x010000" />
					<Add option="-DWMA_DEC_VERSION=0x010000" />
					<Add option="-DWMA_ENC_VERSION=0x010000" />
					<Add option="-DM4A_DEC_VERSION=0x010000" />
					<Add option="-DM4A_ENC_VERSION=0x010000" />
					<Add option="-DWAV_DEC_VERSION=0x010000" />
					<Add option="-DWAV_ENC_VERSION=0x010000" />
					<Add option="-DAAC_DEC_VERSION=0x010000" />
					<Add option="-DAAC_ENC_VERSION=0x010000" />
					<Add option="-DAPE_DEC_VERSION=0x010000" />
					<Add option="-DFLAC_DEC_VERSION=0x010000" />
					<Add option="-DSPEEX_ENC_VERSION=0x010000" />
					<Add option="-DOPUS_ENC_VERSION=0x010000" />
					<Add option="-DVIRTUAL_DEV_VERSION=0x010000" />
					<Add option="-DAMR_DEC_VERSION=0x010000" />
					<Add option="-DAMR_ENC_VERSION=0x010000" />
					<Add option="-DVAD_ENC_VERSION=0x010000" />
					<Add option="-DASR_SERVER_VERSION=0x010000" />
					<Add option="-DUPGRADE_SERVER_VERSION=0x010000" />
					<Add option="-DDLNA_SDK_VERSION=0x010000" />
					<Add option="-DWECHAT_SDK_VERSION=0x030000" />
					<Add option="-DWECHAT_SERVER_VERSION=0x30000" />
					<Add option="-DTURING_WECHAT_SDK_VERSION=0x030000" />
					<Add option="-DTURING_SDK_VERSION=0x30000" />
					<Add option="-DDEEPBRAIN_SDK_VERSION=0x30000" />
					<Add option="-DDUER_SDK_VERSION=0x030000" />
					<Add option="-DECHO_CLOUD_SDK_VERSION=0x030000" />
					<Add directory="lib/include" />
					<Add directory="include_lib" />
					<Add directory="include_lib/cpu/AC521x" />
					<Add directory="include_lib/ui" />
					<Add directory="include_lib/ui/res" />
					<Add directory="include_lib/system" />
					<Add directory="include_lib/system/cpu/AC521x" />
					<Add directory="include_lib/system/generic" />
					<Add directory="include_lib/system/device" />
					<Add directory="include_lib/system/fs" />
					<Add directory="app/car_camera/include" />
					<Add directory="app/wifi_car_camera/include" />
					<Add directory="include_lib/net" />
					<Add directory="include_lib/net/server" />
					<Add directory="include_lib/net/wifi_module" />
					<Add directory="include_lib/net/device" />
					<Add directory="include_lib/net/device/eth" />
					<Add directory="include_lib/net/hostapdandwpa_supplicant" />
					<Add directory="include_lib/net/lwip/src/include" />
					<Add directory="include_lib/net/lwip/port" />
					<Add directory="include_lib/net/lwip/app" />
					<Add directory="include_lib/net/lwip/app/ctp" />
					<Add directory="include_lib/net/lwip/app/cdp" />
				</Compiler>
				<Linker>
					<Add option="-flto" />
					<Add option="-Map=map.txt" />
					<Add option="--plugin-opt=-inline-threshold=5" />
					<Add option="--plugin-opt=-enable-ipra=true" />
					<Add option="--plugin-opt=-pi32v2-always-use-itblock" />
					<Add option="--plugin-opt=-pi32v2-merge-max-offset=4096" />
					<Add option="--plugin-opt=-global-merge-on-const" />
					<Add option="--plugin-opt=-pi32v2-large-program" />
					<Add option="--plugin-opt=save-temps" />
					<Add option="-Tcpu/AC521x/ram.ld" />
					<Add option="--start-group" />
					<Add option="include_lib/liba/AC521x/rtos.a" />
					<Add option="include_lib/liba/AC521x/sd1.a" />
					<Add option="include_lib/liba/AC521x/ascii.a" />
					<Add option="include_lib/liba/AC521x/res.a" />
					<Add option="include_lib/liba/AC521x/usb.a" />
					<Add option="include_lib/liba/AC521x/spec_uart.a" />
					<Add option="include_lib/liba/AC521x/usb_cam_dev.a" />
					<Add option="include_lib/liba/AC521x/fs.a" />
					<Add option="include_lib/liba/AC521x/upgrade.a" />
					<Add option="include_lib/liba/AC521x/rs_ecc.a" />
					<Add option="include_lib/liba/AC521x/font.a" />
					<Add option="include_lib/liba/AC521x/server.a" />
					<Add option="include_lib/liba/AC521x/ui_server.a" />
					<Add option="include_lib/liba/AC521x/video_engine_server.a" />
					<Add option="include_lib/liba/AC521x/video_dec_server.a" />
					<Add option="include_lib/liba/AC521x/vm.a" />
					<Add option="include_lib/liba/AC521x/audio_server.a" />
					<Add option="include_lib/liba/AC521x/cpu_vm_icache.a" />
					<Add option="--whole-archive" />
					<Add option="include_lib/liba/AC521x/usb_server.a" />
					<Add option="include_lib/liba/AC521x/aac_enc_lib.a" />
					<Add option="include_lib/liba/AC521x/video_rec_server.a" />
					<Add option="include_lib/liba/AC521x/dev.a" />
					<Add option="include_lib/liba/AC521x/audio_dev.a" />
					<Add option="include_lib/liba/AC521x/video_dev.a" />
					<Add option="include_lib/liba/AC521x/ui.a" />
					<Add option="include_lib/liba/AC521x/sys.a" />
					<Add option="include_lib/liba/AC521x/cpu.a" />
					<Add option="include_lib/liba/AC521x/cpu_disp.a" />
					<Add option="include_lib/liba/AC521x/cpu_video.a" />
					<Add option="include_lib/liba/AC521x/isp.a" />
					<Add option="include_lib/liba/AC521x/mm.a" />
					<Add option="include_lib/liba/AC521x/libdetect_face.a" />
					<Add option="include_lib/liba/AC521x/lib_usb_syn.a" />
					<Add option="--no-whole-archive" />
					<Add option="include_lib/liba/AC521x/printf.a" />
					<Add option="include_lib/liba/AC521x/lbuf.a" />
					<Add option="include_lib/liba/AC521x/cbuf.a" />
					<Add option="include_lib/liba/AC521x/libc.a" />
					<Add option="include_lib/liba/AC521x/libm.a" />
					<Add option="include_lib/liba/AC521x/xd_tp.a" />
					<Add option="--end-group" />
					<Add library="C:/JL/pi32/pi32v2-lib/libm.a" />
				</Linker>
				<ExtraCommands>
					<Add before="$compiler $options $includes -D__LD__ -E -P cpu\AC521x\ram.c -o cpu\AC521x\ram.ld" />
					<Add after="cpu\AC521x\tools\download.bat main" />
					<Mode after="always" />
				</ExtraCommands>
			</Target>
		</Build>
		<Unit filename="app/car_camera/app_database.c">
			<Option compilerVar="CC" />
		</Unit>
		<Unit filename="app/car_camera/app_main.c">
			<Option compilerVar="CC" />
		</Unit>
		<Unit filename="app/car_camera/auto_test.c">
			<Option compilerVar="CC" />
		</Unit>
		<Unit filename="app/car_camera/backlight.c">
			<Option compilerVar="CC" />
		</Unit>
		<Unit filename="app/car_camera/device_mount.c">
			<Option compilerVar="CC" />
		</Unit>
		<Unit filename="app/car_camera/face_detect_app.c">
			<Option compilerVar="CC" />
		</Unit>
		<Unit filename="app/car_camera/face_icon.c">
			<Option compilerVar="CC" />
		</Unit>
		<Unit filename="app/car_camera/gsensor/da380.c">
			<Option compilerVar="CC" />
		</Unit>
		<Unit filename="app/car_camera/gsensor/gSensor_manage.c">
			<Option compilerVar="CC" />
		</Unit>
		<Unit filename="app/car_camera/gsensor/gma301.c">
			<Option compilerVar="CC" />
		</Unit>
		<Unit filename="app/car_camera/gsensor/msa300.c">
			<Option compilerVar="CC" />
		</Unit>
		<Unit filename="app/car_camera/gsensor/stk8312.c">
			<Option compilerVar="CC" />
		</Unit>
		<Unit filename="app/car_camera/include/GT911.h" />
		<Unit filename="app/car_camera/include/action.h" />
		<Unit filename="app/car_camera/include/ani_style.h" />
		<Unit filename="app/car_camera/include/app_config.h" />
		<Unit filename="app/car_camera/include/app_database.h" />
		<Unit filename="app/car_camera/include/board.h" />
		<Unit filename="app/car_camera/include/ch9.h" />
		<Unit filename="app/car_camera/include/cpu_config.h" />
		<Unit filename="app/car_camera/include/da380.h" />
		<Unit filename="app/car_camera/include/face_detect.h" />
		<Unit filename="app/car_camera/include/gSensor_manage.h" />
		<Unit filename="app/car_camera/include/gma301.h" />
		<Unit filename="app/car_camera/include/key_voice.h" />
		<Unit filename="app/car_camera/include/msa300.h" />
		<Unit filename="app/car_camera/include/res.h" />
		<Unit filename="app/car_camera/include/res_ver.h" />
		<Unit filename="app/car_camera/include/stk8312.h" />
		<Unit filename="app/car_camera/include/storage_device.h" />
		<Unit filename="app/car_camera/include/style.h" />
		<Unit filename="app/car_camera/include/style_ly.h" />
		<Unit filename="app/car_camera/include/touch_panel_manager.h" />
		<Unit filename="app/car_camera/include/upgrade_style.h" />
		<Unit filename="app/car_camera/include/usb_audio.h" />
		<Unit filename="app/car_camera/include/usb_host_user.h" />
		<Unit filename="app/car_camera/include/usb_types.h" />
		<Unit filename="app/car_camera/include/user_isp_cfg.h" />
		<Unit filename="app/car_camera/include/user_scr_tool.h" />
		<Unit filename="app/car_camera/include/video_dec.h" />
		<Unit filename="app/car_camera/include/video_photo.h" />
		<Unit filename="app/car_camera/include/video_rec.h" />
		<Unit filename="app/car_camera/include/video_system.h" />
		<Unit filename="app/car_camera/include/vrec_icon_osd.h" />
		<Unit filename="app/car_camera/include/vrec_osd.h" />
		<Unit filename="app/car_camera/key_voice.c">
			<Option compilerVar="CC" />
		</Unit>
		<Unit filename="app/car_camera/parking_detect.c">
			<Option compilerVar="CC" />
		</Unit>
		<Unit filename="app/car_camera/play_usb_mic.c">
			<Option compilerVar="CC" />
		</Unit>
		<Unit filename="app/car_camera/play_usb_speaker.c">
			<Option compilerVar="CC" />
		</Unit>
		<Unit filename="app/car_camera/touch_panel/hynitron_core.h" />
		<Unit filename="app/car_camera/touch_panel/hynitron_firmware.h" />
		<Unit filename="app/car_camera/ui/style_JL02/ui_action_dec.c">
			<Option compilerVar="CC" />
		</Unit>
		<Unit filename="app/car_camera/ui/style_JL02/ui_action_main.c">
			<Option compilerVar="CC" />
		</Unit>
		<Unit filename="app/car_camera/ui/style_JL02/ui_action_photo.c">
			<Option compilerVar="CC" />
		</Unit>
		<Unit filename="app/car_camera/ui/style_JL02/ui_action_rec.c">
			<Option compilerVar="CC" />
		</Unit>
		<Unit filename="app/car_camera/ui/style_JL02/ui_action_sys.c">
			<Option compilerVar="CC" />
		</Unit>
		<Unit filename="app/car_camera/ui/style_JL02/ui_action_usb.c">
			<Option compilerVar="CC" />
		</Unit>
		<Unit filename="app/car_camera/ui/ui_action_animation.c">
			<Option compilerVar="CC" />
		</Unit>
		<Unit filename="app/car_camera/upgrade.c">
			<Option compilerVar="CC" />
		</Unit>
		<Unit filename="app/car_camera/usb_app.c">
			<Option compilerVar="CC" />
		</Unit>
		<Unit filename="app/car_camera/usb_app_cfg.c">
			<Option compilerVar="CC" />
		</Unit>
		<Unit filename="app/car_camera/usb_host_user.c">
			<Option compilerVar="CC" />
		</Unit>
		<Unit filename="app/car_camera/user_isp_cfg.c">
			<Option compilerVar="CC" />
		</Unit>
		<Unit filename="app/car_camera/user_scr_cfg.c">
			<Option compilerVar="CC" />
		</Unit>
		<Unit filename="app/car_camera/user_scr_tool.c">
			<Option compilerVar="CC" />
		</Unit>
		<Unit filename="app/car_camera/uvc_h264_stream.c">
			<Option compilerVar="CC" />
		</Unit>
		<Unit filename="app/car_camera/version.c">
			<Option compilerVar="CC" />
		</Unit>
		<Unit filename="app/car_camera/video_dec.c">
			<Option compilerVar="CC" />
		</Unit>
		<Unit filename="app/car_camera/video_dec_cfg.c">
			<Option compilerVar="CC" />
		</Unit>
		<Unit filename="app/car_camera/video_photo.c">
			<Option compilerVar="CC" />
		</Unit>
		<Unit filename="app/car_camera/video_photo_cfg.c">
			<Option compilerVar="CC" />
		</Unit>
		<Unit filename="app/car_camera/video_rec.c">
			<Option compilerVar="CC" />
		</Unit>
		<Unit filename="app/car_camera/video_rec_cfg.c">
			<Option compilerVar="CC" />
		</Unit>
		<Unit filename="app/car_camera/video_system.c">
			<Option compilerVar="CC" />
		</Unit>
		<Unit filename="app/car_camera/video_system_cfg.c">
			<Option compilerVar="CC" />
		</Unit>
		<Unit filename="app/debug.c">
			<Option compilerVar="CC" />
		</Unit>
		<Unit filename="app/flash_write_protect.c">
			<Option compilerVar="CC" />
		</Unit>
		<Unit filename="app/fontinit.c">
			<Option compilerVar="CC" />
		</Unit>
		<Unit filename="app/fs_test.c">
			<Option compilerVar="CC" />
		</Unit>
		<Unit filename="app/sd_speed_test.c">
			<Option compilerVar="CC" />
		</Unit>
		<Unit filename="app/uvc_53x_upgrade.c">
			<Option compilerVar="CC" />
		</Unit>
		<Unit filename="app/version.c">
			<Option compilerVar="CC" />
		</Unit>
		<Unit filename="camera/ar0330_mipi/ar0330_mipi.h" />
		<Unit filename="camera/ar0330_mipi/ar0330_mipi_ae.h" />
		<Unit filename="camera/ar0330_mipi/ar0330_mipi_awb.h" />
		<Unit filename="camera/ar0330_mipi/ar0330_mipi_iq.h" />
		<Unit filename="camera/av10/av10.c">
			<Option compilerVar="CC" />
		</Unit>
		<Unit filename="camera/av10/av10.h" />
		<Unit filename="camera/av10/av10_spi.c">
			<Option compilerVar="CC" />
		</Unit>
		<Unit filename="camera/bg0806_mipi/bg0806_mipi.h" />
		<Unit filename="camera/bg0806_mipi/bg0806_mipi_ae.h" />
		<Unit filename="camera/bg0806_mipi/bg0806_mipi_awb.h" />
		<Unit filename="camera/bg0806_mipi/bg0806_mipi_iq.h" />
		<Unit filename="camera/c2392_mipi/c2392_mipi.h" />
		<Unit filename="camera/c2392_mipi/c2392_mipi_ae.h" />
		<Unit filename="camera/c2392_mipi/c2392_mipi_awb.h" />
		<Unit filename="camera/c2392_mipi/c2392_mipi_iq.h" />
		<Unit filename="camera/f22_mipi/f22_mipi.h" />
		<Unit filename="camera/f22_mipi/f22_mipi_ae.h" />
		<Unit filename="camera/f22_mipi/f22_mipi_awb.h" />
		<Unit filename="camera/f22_mipi/f22_mipi_iq.h" />
		<Unit filename="camera/f23_mipi/f23_mipi.h" />
		<Unit filename="camera/f23_mipi/f23_mipi_ae.h" />
		<Unit filename="camera/f23_mipi/f23_mipi_awb.h" />
		<Unit filename="camera/f23_mipi/f23_mipi_iq.h" />
		<Unit filename="camera/gc0308_dvp/gc0308.h" />
		<Unit filename="camera/gc1004/gc1004.h" />
		<Unit filename="camera/gc1004/gc1004_ae.h" />
		<Unit filename="camera/gc1004/gc1004_awb.h" />
		<Unit filename="camera/gc1004/gc1004_iq.h" />
		<Unit filename="camera/gc2023_mipi/gc2023_mipi.h" />
		<Unit filename="camera/gc2023_mipi/gc2023_mipi_ae.h" />
		<Unit filename="camera/gc2023_mipi/gc2023_mipi_awb.h" />
		<Unit filename="camera/gc2023_mipi/gc2023_mipi_iq.h" />
		<Unit filename="camera/gc2145_dvp/gc2145.h" />
		<Unit filename="camera/gm7150/gm7150.h" />
		<Unit filename="camera/h42/h42.h" />
		<Unit filename="camera/h42/h42_ae.h" />
		<Unit filename="camera/h42/h42_awb.h" />
		<Unit filename="camera/h42/h42_iq.h" />
		<Unit filename="camera/h62_dvp/h62_dvp.h" />
		<Unit filename="camera/h62_dvp/h62_dvp_ae.h" />
		<Unit filename="camera/h62_dvp/h62_dvp_awb.h" />
		<Unit filename="camera/h62_dvp/h62_dvp_iq.h" />
		<Unit filename="camera/hm2131_mipi/hm2131_mipi.h" />
		<Unit filename="camera/hm2131_mipi/hm2131_mipi_ae.h" />
		<Unit filename="camera/hm2131_mipi/hm2131_mipi_awb.h" />
		<Unit filename="camera/hm2131_mipi/hm2131_mipi_iq.h" />
		<Unit filename="camera/imx179_mipi/imx179_mipi.h" />
		<Unit filename="camera/imx179_mipi/imx179_mipi_ae.h" />
		<Unit filename="camera/imx179_mipi/imx179_mipi_awb.h" />
		<Unit filename="camera/imx179_mipi/imx179_mipi_iq.h" />
		<Unit filename="camera/mis2003_dvp/mis2003.h" />
		<Unit filename="camera/mis2003_dvp/mis2003_ae.h" />
		<Unit filename="camera/mis2003_dvp/mis2003_awb.h" />
		<Unit filename="camera/mis2003_dvp/mis2003_iq.h" />
		<Unit filename="camera/nvp6112/nvp6112.h" />
		<Unit filename="camera/pr2000/pr2000.h" />
		<Unit filename="camera/sc1243_dvp/sc1243.h" />
		<Unit filename="camera/sc1243_dvp/sc1243_ae.h" />
		<Unit filename="camera/sc1243_dvp/sc1243_awb.h" />
		<Unit filename="camera/sc1243_dvp/sc1243_iq.h" />
		<Unit filename="camera/sc1245_dvp/sc1245.h" />
		<Unit filename="camera/sc1245_dvp/sc1245_ae.h" />
		<Unit filename="camera/sc1245_dvp/sc1245_awb.h" />
		<Unit filename="camera/sc1245_dvp/sc1245_iq.h" />
		<Unit filename="camera/sc2143_mipi/sc2143_mipi.h" />
		<Unit filename="camera/sc2143_mipi/sc2143_mipi_ae.h" />
		<Unit filename="camera/sc2143_mipi/sc2143_mipi_awb.h" />
		<Unit filename="camera/sc2143_mipi/sc2143_mipi_iq.h" />
		<Unit filename="camera/sc2303/sc2303_dvp.h" />
		<Unit filename="camera/sc2303/sc2303_dvp_ae.h" />
		<Unit filename="camera/sc2303/sc2303_dvp_awb.h" />
		<Unit filename="camera/sc2303/sc2303_dvp_iq.h" />
		<Unit filename="camera/sc3033_mipi/sc3033_mipi.h" />
		<Unit filename="camera/sc3033_mipi/sc3033_mipi_ae.h" />
		<Unit filename="camera/sc3033_mipi/sc3033_mipi_awb.h" />
		<Unit filename="camera/sc3033_mipi/sc3033_mipi_iq.h" />
		<Unit filename="camera/xc7011_dvp/xc7011.h" />
		<Unit filename="cpu/AC521x/adc.c">
			<Option compilerVar="CC" />
		</Unit>
		<Unit filename="cpu/AC521x/adkey.c">
			<Option compilerVar="CC" />
		</Unit>
		<Unit filename="cpu/AC521x/board/board_5211B_dev_20181116.c">
			<Option compilerVar="CC" />
		</Unit>
		<Unit filename="cpu/AC521x/debug.c">
			<Option compilerVar="CC" />
		</Unit>
		<Unit filename="cpu/AC521x/iokey.c">
			<Option compilerVar="CC" />
		</Unit>
		<Unit filename="cpu/AC521x/ldo.c">
			<Option compilerVar="CC" />
		</Unit>
		<Unit filename="cpu/AC521x/mipi_lcd_driver/dsi_vdo_2lane_24bit.c">
			<Option compilerVar="CC" />
		</Unit>
		<Unit filename="cpu/AC521x/power_inf.c">
			<Option compilerVar="CC" />
		</Unit>
		<Unit filename="cpu/AC521x/setup.c">
			<Option compilerVar="CC" />
		</Unit>
		<Unit filename="cpu/AC521x/static_memory_alloc.c">
			<Option compilerVar="CC" />
		</Unit>
		<Unit filename="cpu/AC521x/uart_key.c">
			<Option compilerVar="CC" />
		</Unit>
		<Unit filename="include_lib/server/audio_server.h" />
		<Unit filename="include_lib/server/server_core.h" />
		<Unit filename="include_lib/server/ui_server.h" />
		<Unit filename="include_lib/server/upgrade_server.h" />
		<Unit filename="include_lib/server/usb_server.h" />
		<Unit filename="include_lib/server/video_dec_server.h" />
		<Unit filename="include_lib/server/video_engine_server.h" />
		<Unit filename="include_lib/server/video_server.h" />
		<Unit filename="include_lib/server/vpkg_server.h" />
		<Unit filename="include_lib/system/app_core.h" />
		<Unit filename="include_lib/system/cpu/AC521x/asm/AC521x.h" />
		<Unit filename="include_lib/system/cpu/AC521x/asm/adc.h" />
		<Unit filename="include_lib/system/cpu/AC521x/asm/adkey.h" />
		<Unit filename="include_lib/system/cpu/AC521x/asm/audio.h" />
		<Unit filename="include_lib/system/cpu/AC521x/asm/avo_cfg.h" />
		<Unit filename="include_lib/system/cpu/AC521x/asm/bus_device.h" />
		<Unit filename="include_lib/system/cpu/AC521x/asm/cache.h" />
		<Unit filename="include_lib/system/cpu/AC521x/asm/clock.h" />
		<Unit filename="include_lib/system/cpu/AC521x/asm/cpu.h" />
		<Unit filename="include_lib/system/cpu/AC521x/asm/crc16.h" />
		<Unit filename="include_lib/system/cpu/AC521x/asm/dac.h" />
		<Unit filename="include_lib/system/cpu/AC521x/asm/debug.h" />
		<Unit filename="include_lib/system/cpu/AC521x/asm/device_drive.h" />
		<Unit filename="include_lib/system/cpu/AC521x/asm/dma.h" />
		<Unit filename="include_lib/system/cpu/AC521x/asm/dsi.h" />
		<Unit filename="include_lib/system/cpu/AC521x/asm/gpio.h" />
		<Unit filename="include_lib/system/cpu/AC521x/asm/hwi.h" />
		<Unit filename="include_lib/system/cpu/AC521x/asm/iic.h" />
		<Unit filename="include_lib/system/cpu/AC521x/asm/iis.h" />
		<Unit filename="include_lib/system/cpu/AC521x/asm/image_enc.h" />
		<Unit filename="include_lib/system/cpu/AC521x/asm/imb_driver.h" />
		<Unit filename="include_lib/system/cpu/AC521x/asm/imc.h" />
		<Unit filename="include_lib/system/cpu/AC521x/asm/imd.h" />
		<Unit filename="include_lib/system/cpu/AC521x/asm/imr.h" />
		<Unit filename="include_lib/system/cpu/AC521x/asm/includes.h" />
		<Unit filename="include_lib/system/cpu/AC521x/asm/irq.h" />
		<Unit filename="include_lib/system/cpu/AC521x/asm/isp_alg.h" />
		<Unit filename="include_lib/system/cpu/AC521x/asm/isp_dev.h" />
		<Unit filename="include_lib/system/cpu/AC521x/asm/jpeg_codec.h" />
		<Unit filename="include_lib/system/cpu/AC521x/asm/ladc.h" />
		<Unit filename="include_lib/system/cpu/AC521x/asm/lcd_config.h" />
		<Unit filename="include_lib/system/cpu/AC521x/asm/ldo.h" />
		<Unit filename="include_lib/system/cpu/AC521x/asm/lock.h" />
		<Unit filename="include_lib/system/cpu/AC521x/asm/pap.h" />
		<Unit filename="include_lib/system/cpu/AC521x/asm/port_waked_up.h" />
		<Unit filename="include_lib/system/cpu/AC521x/asm/power_inf.h" />
		<Unit filename="include_lib/system/cpu/AC521x/asm/rtc.h" />
		<Unit filename="include_lib/system/cpu/AC521x/asm/screen_tool.h" />
		<Unit filename="include_lib/system/cpu/AC521x/asm/sdmmc.h" />
		<Unit filename="include_lib/system/cpu/AC521x/asm/spi.h" />
		<Unit filename="include_lib/system/cpu/AC521x/asm/spiflash.h" />
		<Unit filename="include_lib/system/cpu/AC521x/asm/startup.h" />
		<Unit filename="include_lib/system/cpu/AC521x/asm/sysinfo.h" />
		<Unit filename="include_lib/system/cpu/AC521x/asm/timer.h" />
		<Unit filename="include_lib/system/cpu/AC521x/asm/uart.h" />
		<Unit filename="include_lib/system/cpu/AC521x/asm/uvc_device.h" />
		<Unit filename="include_lib/system/cpu/AC521x/asm/video_engine.h" />
		<Unit filename="include_lib/system/cpu/AC521x/asm/video_fb.h" />
		<Unit filename="include_lib/system/database.h" />
		<Unit filename="include_lib/system/device/adkey.h" />
		<Unit filename="include_lib/system/device/audio_dev.h" />
		<Unit filename="include_lib/system/device/av10_spi.h" />
		<Unit filename="include_lib/system/device/camera.h" />
		<Unit filename="include_lib/system/device/camera_effect.h" />
		<Unit filename="include_lib/system/device/device.h" />
		<Unit filename="include_lib/system/device/iic.h" />
		<Unit filename="include_lib/system/device/includes.h" />
		<Unit filename="include_lib/system/device/ioctl_cmds.h" />
		<Unit filename="include_lib/system/device/iokey.h" />
		<Unit filename="include_lib/system/device/isp.h" />
		<Unit filename="include_lib/system/device/key_driver.h" />
		<Unit filename="include_lib/system/device/lcd_driver.h" />
		<Unit filename="include_lib/system/device/sdio_host_init.h" />
		<Unit filename="include_lib/system/device/sdmmc.h" />
		<Unit filename="include_lib/system/device/spiflash.h" />
		<Unit filename="include_lib/system/device/uart.h" />
		<Unit filename="include_lib/system/device/usb.h" />
		<Unit filename="include_lib/system/device/usb_cam_dev.h" />
		<Unit filename="include_lib/system/device/usb_scsi_upgrade.h" />
		<Unit filename="include_lib/system/device/video.h" />
		<Unit filename="include_lib/system/device/video/fb.h" />
		<Unit filename="include_lib/system/device/video/video_ioctl.h" />
		<Unit filename="include_lib/system/device/videobuf.h" />
		<Unit filename="include_lib/system/device/vm.h" />
		<Unit filename="include_lib/system/device/vm_api.h" />
		<Unit filename="include_lib/system/event.h" />
		<Unit filename="include_lib/system/fs/fs.h" />
		<Unit filename="include_lib/system/generic/ascii.h" />
		<Unit filename="include_lib/system/generic/atomic.h" />
		<Unit filename="include_lib/system/generic/circular_buf.h" />
		<Unit filename="include_lib/system/generic/cpu.h" />
		<Unit filename="include_lib/system/generic/errno-base.h" />
		<Unit filename="include_lib/system/generic/gpio.h" />
		<Unit filename="include_lib/system/generic/includes.h" />
		<Unit filename="include_lib/system/generic/index.h" />
		<Unit filename="include_lib/system/generic/ioctl.h" />
		<Unit filename="include_lib/system/generic/irq.h" />
		<Unit filename="include_lib/system/generic/jiffies.h" />
		<Unit filename="include_lib/system/generic/lbuf.h" />
		<Unit filename="include_lib/system/generic/list.h" />
		<Unit filename="include_lib/system/generic/log.h" />
		<Unit filename="include_lib/system/generic/printf.h" />
		<Unit filename="include_lib/system/generic/rect.h" />
		<Unit filename="include_lib/system/generic/typedef.h" />
		<Unit filename="include_lib/system/generic/version.h" />
		<Unit filename="include_lib/system/includes.h" />
		<Unit filename="include_lib/system/init.h" />
		<Unit filename="include_lib/system/malloc.h" />
		<Unit filename="include_lib/system/os/FreeRTOS/FreeRTOS.h" />
		<Unit filename="include_lib/system/os/FreeRTOS/FreeRTOSConfig.h" />
		<Unit filename="include_lib/system/os/FreeRTOS/deprecated_definitions.h" />
		<Unit filename="include_lib/system/os/FreeRTOS/mpu_wrappers.h" />
		<Unit filename="include_lib/system/os/FreeRTOS/pi32v2/portmacro.h" />
		<Unit filename="include_lib/system/os/FreeRTOS/portable.h" />
		<Unit filename="include_lib/system/os/FreeRTOS/projdefs.h" />
		<Unit filename="include_lib/system/os/FreeRTOS/queue.h" />
		<Unit filename="include_lib/system/os/FreeRTOS/semphr.h" />
		<Unit filename="include_lib/system/os/os_api.h" />
		<Unit filename="include_lib/system/os/os_compat.h" />
		<Unit filename="include_lib/system/os/os_cpu.h" />
		<Unit filename="include_lib/system/os/os_error.h" />
		<Unit filename="include_lib/system/os/os_type.h" />
		<Unit filename="include_lib/system/power_manage.h" />
		<Unit filename="include_lib/system/spinlock.h" />
		<Unit filename="include_lib/system/sys_time.h" />
		<Unit filename="include_lib/system/task.h" />
		<Unit filename="include_lib/system/timer.h" />
		<Unit filename="include_lib/system/wait.h" />
		<Unit filename="include_lib/ui/font/font_all.h" />
		<Unit filename="include_lib/ui/font/font_sdfs.h" />
		<Unit filename="include_lib/ui/font/language_list.h" />
		<Unit filename="include_lib/ui/includes.h" />
		<Unit filename="include_lib/ui/res/font_ascii.h" />
		<Unit filename="include_lib/ui/res/resfile.h" />
		<Unit filename="include_lib/ui/ui/control.h" />
		<Unit filename="include_lib/ui/ui/layer.h" />
		<Unit filename="include_lib/ui/ui/layout.h" />
		<Unit filename="include_lib/ui/ui/p.h" />
		<Unit filename="include_lib/ui/ui/ui.h" />
		<Unit filename="include_lib/ui/ui/ui_battery.h" />
		<Unit filename="include_lib/ui/ui/ui_browser.h" />
		<Unit filename="include_lib/ui/ui/ui_button.h" />
		<Unit filename="include_lib/ui/ui/ui_camera.h" />
		<Unit filename="include_lib/ui/ui/ui_core.h" />
		<Unit filename="include_lib/ui/ui/ui_grid.h" />
		<Unit filename="include_lib/ui/ui/ui_operate.h" />
		<Unit filename="include_lib/ui/ui/ui_paint.h" />
		<Unit filename="include_lib/ui/ui/ui_pic.h" />
		<Unit filename="include_lib/ui/ui/ui_slider.h" />
		<Unit filename="include_lib/ui/ui/ui_text.h" />
		<Unit filename="include_lib/ui/ui/ui_time.h" />
		<Unit filename="include_lib/ui/ui/window.h" />
		<Extensions />
	</Project>
</CodeBlocks_project_file>
